golang.org/x/sys v0.0.0-20201027140754-0fcbb8f4928c h1:2+jF2APAgFgXJnYOQGDGGiRvvEo6OhqZGQf46n9xgEw=
golang.org/x/sys v0.0.0-20201027140754-0fcbb8f4928c/go.mod h1:h1NjWce9XRLGQEsW7wpKNCjG9DtNlClVuFLEZdDNbEs=
golang.org/x/sys v0.0.0-20201028094953-708e7fb298ac h1:bplbaOojU0hnrC9nvWJ5Nvp/gPIWKFMiGBFI9Cpp16I=
golang.org/x/sys v0.0.0-20201028094953-708e7fb298ac/go.mod h1:h1NjWce9XRLGQEsW7wpKNCjG9DtNlClVuFLEZdDNbEs=
